{
  "name": "前端练习(JS)-天气模块测试",
  "lockfileVersion": 2,
  "requires": true,
  "packages": {
    "": {
      "dependencies": {
        "weatherclt": "^1.0.0"
      }
    },
    "node_modules/weatherclt": {
      "version": "1.0.0",
      "resolved": "https://registry.npmjs.org/weatherclt/-/weatherclt-1.0.0.tgz",
      "integrity": "sha512-yePKIqhE2857kkbkW7vDRMYMeGNB91sxL1QMJ6SWGCZM9ZZa9hJEVLIaH5MLm22hPEKqfZTOal4hNPaEq9erwQ=="
    }
  },
  "dependencies": {
    "weatherclt": {
      "version": "1.0.0",
      "resolved": "https://registry.npmjs.org/weatherclt/-/weatherclt-1.0.0.tgz",
      "integrity": "sha512-yePKIqhE2857kkbkW7vDRMYMeGNB91sxL1QMJ6SWGCZM9ZZa9hJEVLIaH5MLm22hPEKqfZTOal4hNPaEq9erwQ=="
    }
  }
}
